// !$*UTF8*$!
{
	archiveVersion = 1;
	classes = {
	};
	objectVersion = 46;
	objects = {

/* Begin PBXBuildFile section */
		BF1C80821E77A45F00C9FFF5 /* ScratchCard.framework in Frameworks */ = {isa = PBXBuildFile; fileRef = BF1C807C1E77A45F00C9FFF5 /* ScratchCard.framework */; };
		BF1C80831E77A45F00C9FFF5 /* ScratchUIView.swift in Sources */ = {isa = PBXBuildFile; fileRef = BF1C807E1E77A45F00C9FFF5 /* ScratchUIView.swift */; };
		BF1C80841E77A45F00C9FFF5 /* ScratchView.swift in Sources */ = {isa = PBXBuildFile; fileRef = BF1C807F1E77A45F00C9FFF5 /* ScratchView.swift */; };
		BF1C80861E77A47100C9FFF5 /* ScratchCard.framework in Embed Frameworks */ = {isa = PBXBuildFile; fileRef = BF1C807C1E77A45F00C9FFF5 /* ScratchCard.framework */; settings = {ATTRIBUTES = (CodeSignOnCopy, RemoveHeadersOnCopy, ); }; };
		BF1C80891E77A4C100C9FFF5 /* DashBoardVC.swift in Sources */ = {isa = PBXBuildFile; fileRef = BF1C80881E77A4C100C9FFF5 /* DashBoardVC.swift */; };
		BF1C808D1E77AF9700C9FFF5 /* ScrechVC.swift in Sources */ = {isa = PBXBuildFile; fileRef = BF1C808B1E77AF9700C9FFF5 /* ScrechVC.swift */; };
		BF1C808E1E77AF9700C9FFF5 /* ThanksVC.swift in Sources */ = {isa = PBXBuildFile; fileRef = BF1C808C1E77AF9700C9FFF5 /* ThanksVC.swift */; };
		BF1C80951E77B22A00C9FFF5 /* ChooseImageVC.swift in Sources */ = {isa = PBXBuildFile; fileRef = BF1C80901E77B22A00C9FFF5 /* ChooseImageVC.swift */; };
		BF1C80961E77B22A00C9FFF5 /* FirstVC.swift in Sources */ = {isa = PBXBuildFile; fileRef = BF1C80911E77B22A00C9FFF5 /* FirstVC.swift */; };
		BF1C80971E77B22A00C9FFF5 /* ImageCell.swift in Sources */ = {isa = PBXBuildFile; fileRef = BF1C80921E77B22A00C9FFF5 /* ImageCell.swift */; };
		BF1C80981E77B22A00C9FFF5 /* SecondVC.swift in Sources */ = {isa = PBXBuildFile; fileRef = BF1C80931E77B22A00C9FFF5 /* SecondVC.swift */; };
		BF1C80991E77B22A00C9FFF5 /* SelectedImageVC.swift in Sources */ = {isa = PBXBuildFile; fileRef = BF1C80941E77B22A00C9FFF5 /* SelectedImageVC.swift */; };
		BF1C809D1E77B2F900C9FFF5 /* CustomButton.swift in Sources */ = {isa = PBXBuildFile; fileRef = BF1C809B1E77B2F900C9FFF5 /* CustomButton.swift */; };
		BF1C809E1E77B2F900C9FFF5 /* CustomView.swift in Sources */ = {isa = PBXBuildFile; fileRef = BF1C809C1E77B2F900C9FFF5 /* CustomView.swift */; };
		BF1EA85E1E77A27E009AD934 /* AppDelegate.swift in Sources */ = {isa = PBXBuildFile; fileRef = BF1EA85D1E77A27E009AD934 /* AppDelegate.swift */; };
		BF1EA8631E77A27E009AD934 /* Main.storyboard in Resources */ = {isa = PBXBuildFile; fileRef = BF1EA8611E77A27E009AD934 /* Main.storyboard */; };
		BF1EA8651E77A27E009AD934 /* Assets.xcassets in Resources */ = {isa = PBXBuildFile; fileRef = BF1EA8641E77A27E009AD934 /* Assets.xcassets */; };
		BF1EA8681E77A27E009AD934 /* LaunchScreen.storyboard in Resources */ = {isa = PBXBuildFile; fileRef = BF1EA8661E77A27E009AD934 /* LaunchScreen.storyboard */; };
		BF6D8DFC1E8A42AF002BB2F7 /* CommonFuction.swift in Sources */ = {isa = PBXBuildFile; fileRef = BF6D8DFB1E8A42AF002BB2F7 /* CommonFuction.swift */; };
		BF7B29A11E8CC3B200383C62 /* MemoryMatchFirstVC.swift in Sources */ = {isa = PBXBuildFile; fileRef = BF7B29A01E8CC3B200383C62 /* MemoryMatchFirstVC.swift */; };
		BF7B29A41E8CD15500383C62 /* TicTacToeFirstVC.swift in Sources */ = {isa = PBXBuildFile; fileRef = BF7B29A31E8CD15500383C62 /* TicTacToeFirstVC.swift */; };
		BFD24C101E8B91210007CA53 /* ClickRevealFirstVC.swift in Sources */ = {isa = PBXBuildFile; fileRef = BFD24C0F1E8B91210007CA53 /* ClickRevealFirstVC.swift */; };
		BFD24C121E8BA9550007CA53 /* ClickRevealCell.swift in Sources */ = {isa = PBXBuildFile; fileRef = BFD24C111E8BA9550007CA53 /* ClickRevealCell.swift */; };
		BFFEE1191E8A213400B5FDEE /* SlotTumblerFirstVC.swift in Sources */ = {isa = PBXBuildFile; fileRef = BFFEE1181E8A213400B5FDEE /* SlotTumblerFirstVC.swift */; };
		BFFEE11B1E8A24FF00B5FDEE /* CommonExtension.swift in Sources */ = {isa = PBXBuildFile; fileRef = BFFEE11A1E8A24FF00B5FDEE /* CommonExtension.swift */; };
/* End PBXBuildFile section */

/* Begin PBXCopyFilesBuildPhase section */
		BF1C80871E77A47100C9FFF5 /* Embed Frameworks */ = {
			isa = PBXCopyFilesBuildPhase;
			buildActionMask = 2147483647;
			dstPath = "";
			dstSubfolderSpec = 10;
			files = (
				BF1C80861E77A47100C9FFF5 /* ScratchCard.framework in Embed Frameworks */,
			);
			name = "Embed Frameworks";
			runOnlyForDeploymentPostprocessing = 0;
		};
/* End PBXCopyFilesBuildPhase section */

/* Begin PBXFileReference section */
		BF1C80741E77A2DD00C9FFF5 /* RealTimeMedia-Bridging-Header.h */ = {isa = PBXFileReference; lastKnownFileType = sourcecode.c.h; path = "RealTimeMedia-Bridging-Header.h"; sourceTree = "<group>"; };
		BF1C807C1E77A45F00C9FFF5 /* ScratchCard.framework */ = {isa = PBXFileReference; lastKnownFileType = wrapper.framework; path = ScratchCard.framework; sourceTree = "<group>"; };
		BF1C807D1E77A45F00C9FFF5 /* ScratchCard.h */ = {isa = PBXFileReference; fileEncoding = 4; lastKnownFileType = sourcecode.c.h; path = ScratchCard.h; sourceTree = "<group>"; };
		BF1C807E1E77A45F00C9FFF5 /* ScratchUIView.swift */ = {isa = PBXFileReference; fileEncoding = 4; lastKnownFileType = sourcecode.swift; path = ScratchUIView.swift; sourceTree = "<group>"; };
		BF1C807F1E77A45F00C9FFF5 /* ScratchView.swift */ = {isa = PBXFileReference; fileEncoding = 4; lastKnownFileType = sourcecode.swift; path = ScratchView.swift; sourceTree = "<group>"; };
		BF1C80881E77A4C100C9FFF5 /* DashBoardVC.swift */ = {isa = PBXFileReference; fileEncoding = 4; lastKnownFileType = sourcecode.swift; path = DashBoardVC.swift; sourceTree = "<group>"; };
		BF1C808B1E77AF9700C9FFF5 /* ScrechVC.swift */ = {isa = PBXFileReference; fileEncoding = 4; lastKnownFileType = sourcecode.swift; path = ScrechVC.swift; sourceTree = "<group>"; };
		BF1C808C1E77AF9700C9FFF5 /* ThanksVC.swift */ = {isa = PBXFileReference; fileEncoding = 4; lastKnownFileType = sourcecode.swift; path = ThanksVC.swift; sourceTree = "<group>"; };
		BF1C80901E77B22A00C9FFF5 /* ChooseImageVC.swift */ = {isa = PBXFileReference; fileEncoding = 4; lastKnownFileType = sourcecode.swift; path = ChooseImageVC.swift; sourceTree = "<group>"; };
		BF1C80911E77B22A00C9FFF5 /* FirstVC.swift */ = {isa = PBXFileReference; fileEncoding = 4; lastKnownFileType = sourcecode.swift; path = FirstVC.swift; sourceTree = "<group>"; };
		BF1C80921E77B22A00C9FFF5 /* ImageCell.swift */ = {isa = PBXFileReference; fileEncoding = 4; lastKnownFileType = sourcecode.swift; path = ImageCell.swift; sourceTree = "<group>"; };
		BF1C80931E77B22A00C9FFF5 /* SecondVC.swift */ = {isa = PBXFileReference; fileEncoding = 4; lastKnownFileType = sourcecode.swift; path = SecondVC.swift; sourceTree = "<group>"; };
		BF1C80941E77B22A00C9FFF5 /* SelectedImageVC.swift */ = {isa = PBXFileReference; fileEncoding = 4; lastKnownFileType = sourcecode.swift; path = SelectedImageVC.swift; sourceTree = "<group>"; };
		BF1C809B1E77B2F900C9FFF5 /* CustomButton.swift */ = {isa = PBXFileReference; fileEncoding = 4; lastKnownFileType = sourcecode.swift; path = CustomButton.swift; sourceTree = "<group>"; };
		BF1C809C1E77B2F900C9FFF5 /* CustomView.swift */ = {isa = PBXFileReference; fileEncoding = 4; lastKnownFileType = sourcecode.swift; path = CustomView.swift; sourceTree = "<group>"; };
		BF1EA85A1E77A27E009AD934 /* RealTimeMedia.app */ = {isa = PBXFileReference; explicitFileType = wrapper.application; includeInIndex = 0; path = RealTimeMedia.app; sourceTree = BUILT_PRODUCTS_DIR; };
		BF1EA85D1E77A27E009AD934 /* AppDelegate.swift */ = {isa = PBXFileReference; lastKnownFileType = sourcecode.swift; path = AppDelegate.swift; sourceTree = "<group>"; };
		BF1EA8621E77A27E009AD934 /* Base */ = {isa = PBXFileReference; lastKnownFileType = file.storyboard; name = Base; path = Base.lproj/Main.storyboard; sourceTree = "<group>"; };
		BF1EA8641E77A27E009AD934 /* Assets.xcassets */ = {isa = PBXFileReference; lastKnownFileType = folder.assetcatalog; path = Assets.xcassets; sourceTree = "<group>"; };
		BF1EA8671E77A27E009AD934 /* Base */ = {isa = PBXFileReference; lastKnownFileType = file.storyboard; name = Base; path = Base.lproj/LaunchScreen.storyboard; sourceTree = "<group>"; };
		BF1EA8691E77A27E009AD934 /* Info.plist */ = {isa = PBXFileReference; lastKnownFileType = text.plist.xml; path = Info.plist; sourceTree = "<group>"; };
		BF6D8DFB1E8A42AF002BB2F7 /* CommonFuction.swift */ = {isa = PBXFileReference; fileEncoding = 4; lastKnownFileType = sourcecode.swift; path = CommonFuction.swift; sourceTree = "<group>"; };
		BF7B29A01E8CC3B200383C62 /* MemoryMatchFirstVC.swift */ = {isa = PBXFileReference; fileEncoding = 4; lastKnownFileType = sourcecode.swift; path = MemoryMatchFirstVC.swift; sourceTree = "<group>"; };
		BF7B29A31E8CD15500383C62 /* TicTacToeFirstVC.swift */ = {isa = PBXFileReference; fileEncoding = 4; lastKnownFileType = sourcecode.swift; path = TicTacToeFirstVC.swift; sourceTree = "<group>"; };
		BFD24C0F1E8B91210007CA53 /* ClickRevealFirstVC.swift */ = {isa = PBXFileReference; fileEncoding = 4; lastKnownFileType = sourcecode.swift; path = ClickRevealFirstVC.swift; sourceTree = "<group>"; };
		BFD24C111E8BA9550007CA53 /* ClickRevealCell.swift */ = {isa = PBXFileReference; fileEncoding = 4; lastKnownFileType = sourcecode.swift; path = ClickRevealCell.swift; sourceTree = "<group>"; };
		BFFEE1181E8A213400B5FDEE /* SlotTumblerFirstVC.swift */ = {isa = PBXFileReference; fileEncoding = 4; lastKnownFileType = sourcecode.swift; path = SlotTumblerFirstVC.swift; sourceTree = "<group>"; };
		BFFEE11A1E8A24FF00B5FDEE /* CommonExtension.swift */ = {isa = PBXFileReference; fileEncoding = 4; lastKnownFileType = sourcecode.swift; path = CommonExtension.swift; sourceTree = "<group>"; };
/* End PBXFileReference section */

/* Begin PBXFrameworksBuildPhase section */
		BF1EA8571E77A27E009AD934 /* Frameworks */ = {
			isa = PBXFrameworksBuildPhase;
			buildActionMask = 2147483647;
			files = (
				BF1C80821E77A45F00C9FFF5 /* ScratchCard.framework in Frameworks */,
			);
			runOnlyForDeploymentPostprocessing = 0;
		};
/* End PBXFrameworksBuildPhase section */

/* Begin PBXGroup section */
		BF1C80771E77A45F00C9FFF5 /* MainViewController */ = {
			isa = PBXGroup;
			children = (
				BF1C808A1E77AF9700C9FFF5 /* Scratch&Win */,
				BF1C808F1E77B22A00C9FFF5 /* SpinToWin */,
				BFFEE1171E8A20F800B5FDEE /* SlotTumbler */,
				BFD24C0E1E8B90F40007CA53 /* Click&Reveal */,
				BF7B299F1E8CC02400383C62 /* MemoryMatch */,
				BF7B29A21E8CD13E00383C62 /* TicTacToe */,
				BF1C80881E77A4C100C9FFF5 /* DashBoardVC.swift */,
			);
			path = MainViewController;
			sourceTree = "<group>";
		};
		BF1C807A1E77A45F00C9FFF5 /* OtherSDK */ = {
			isa = PBXGroup;
			children = (
				BF1C807B1E77A45F00C9FFF5 /* ScratchCard */,
			);
			path = OtherSDK;
			sourceTree = "<group>";
		};
		BF1C807B1E77A45F00C9FFF5 /* ScratchCard */ = {
			isa = PBXGroup;
			children = (
				BF1C807C1E77A45F00C9FFF5 /* ScratchCard.framework */,
				BF1C807D1E77A45F00C9FFF5 /* ScratchCard.h */,
				BF1C807E1E77A45F00C9FFF5 /* ScratchUIView.swift */,
				BF1C807F1E77A45F00C9FFF5 /* ScratchView.swift */,
			);
			path = ScratchCard;
			sourceTree = "<group>";
		};
		BF1C808A1E77AF9700C9FFF5 /* Scratch&Win */ = {
			isa = PBXGroup;
			children = (
				BF1C808B1E77AF9700C9FFF5 /* ScrechVC.swift */,
				BF1C808C1E77AF9700C9FFF5 /* ThanksVC.swift */,
			);
			path = "Scratch&Win";
			sourceTree = "<group>";
		};
		BF1C808F1E77B22A00C9FFF5 /* SpinToWin */ = {
			isa = PBXGroup;
			children = (
				BF1C80901E77B22A00C9FFF5 /* ChooseImageVC.swift */,
				BF1C80911E77B22A00C9FFF5 /* FirstVC.swift */,
				BF1C80921E77B22A00C9FFF5 /* ImageCell.swift */,
				BF1C80931E77B22A00C9FFF5 /* SecondVC.swift */,
				BF1C80941E77B22A00C9FFF5 /* SelectedImageVC.swift */,
			);
			path = SpinToWin;
			sourceTree = "<group>";
		};
		BF1C809A1E77B2F900C9FFF5 /* CommonClass */ = {
			isa = PBXGroup;
			children = (
				BF1C809B1E77B2F900C9FFF5 /* CustomButton.swift */,
				BF1C809C1E77B2F900C9FFF5 /* CustomView.swift */,
				BFFEE11A1E8A24FF00B5FDEE /* CommonExtension.swift */,
				BF6D8DFB1E8A42AF002BB2F7 /* CommonFuction.swift */,
			);
			path = CommonClass;
			sourceTree = "<group>";
		};
		BF1EA8511E77A27E009AD934 = {
			isa = PBXGroup;
			children = (
				BF1EA85C1E77A27E009AD934 /* RealTimeMedia */,
				BF1EA85B1E77A27E009AD934 /* Products */,
				BF1C80741E77A2DD00C9FFF5 /* RealTimeMedia-Bridging-Header.h */,
			);
			sourceTree = "<group>";
		};
		BF1EA85B1E77A27E009AD934 /* Products */ = {
			isa = PBXGroup;
			children = (
				BF1EA85A1E77A27E009AD934 /* RealTimeMedia.app */,
			);
			name = Products;
			sourceTree = "<group>";
		};
		BF1EA85C1E77A27E009AD934 /* RealTimeMedia */ = {
			isa = PBXGroup;
			children = (
				BF1C809A1E77B2F900C9FFF5 /* CommonClass */,
				BF1C807A1E77A45F00C9FFF5 /* OtherSDK */,
				BF1C80771E77A45F00C9FFF5 /* MainViewController */,
				BF1EA85D1E77A27E009AD934 /* AppDelegate.swift */,
				BF1EA8611E77A27E009AD934 /* Main.storyboard */,
				BF1EA8641E77A27E009AD934 /* Assets.xcassets */,
				BF1EA8661E77A27E009AD934 /* LaunchScreen.storyboard */,
				BF1EA8691E77A27E009AD934 /* Info.plist */,
			);
			path = RealTimeMedia;
			sourceTree = "<group>";
		};
		BF7B299F1E8CC02400383C62 /* MemoryMatch */ = {
			isa = PBXGroup;
			children = (
				BF7B29A01E8CC3B200383C62 /* MemoryMatchFirstVC.swift */,
			);
			path = MemoryMatch;
			sourceTree = "<group>";
		};
		BF7B29A21E8CD13E00383C62 /* TicTacToe */ = {
			isa = PBXGroup;
			children = (
				BF7B29A31E8CD15500383C62 /* TicTacToeFirstVC.swift */,
			);
			path = TicTacToe;
			sourceTree = "<group>";
		};
		BFD24C0E1E8B90F40007CA53 /* Click&Reveal */ = {
			isa = PBXGroup;
			children = (
				BFD24C0F1E8B91210007CA53 /* ClickRevealFirstVC.swift */,
				BFD24C111E8BA9550007CA53 /* ClickRevealCell.swift */,
			);
			path = "Click&Reveal";
			sourceTree = "<group>";
		};
		BFFEE1171E8A20F800B5FDEE /* SlotTumbler */ = {
			isa = PBXGroup;
			children = (
				BFFEE1181E8A213400B5FDEE /* SlotTumblerFirstVC.swift */,
			);
			path = SlotTumbler;
			sourceTree = "<group>";
		};
/* End PBXGroup section */

/* Begin PBXNativeTarget section */
		BF1EA8591E77A27E009AD934 /* RealTimeMedia */ = {
			isa = PBXNativeTarget;
			buildConfigurationList = BF1EA86C1E77A27E009AD934 /* Build configuration list for PBXNativeTarget "RealTimeMedia" */;
			buildPhases = (
				BF1EA8561E77A27E009AD934 /* Sources */,
				BF1EA8571E77A27E009AD934 /* Frameworks */,
				BF1EA8581E77A27E009AD934 /* Resources */,
				BF1C80871E77A47100C9FFF5 /* Embed Frameworks */,
			);
			buildRules = (
			);
			dependencies = (
			);
			name = RealTimeMedia;
			productName = RealTimeMedia;
			productReference = BF1EA85A1E77A27E009AD934 /* RealTimeMedia.app */;
			productType = "com.apple.product-type.application";
		};
/* End PBXNativeTarget section */

/* Begin PBXProject section */
		BF1EA8521E77A27E009AD934 /* Project object */ = {
			isa = PBXProject;
			attributes = {
				LastSwiftUpdateCheck = 0820;
				LastUpgradeCheck = 0820;
				ORGANIZATIONNAME = Bunty;
				TargetAttributes = {
					BF1EA8591E77A27E009AD934 = {
						CreatedOnToolsVersion = 8.2;
						DevelopmentTeam = PLURSQEEM8;
						LastSwiftMigration = 0820;
						ProvisioningStyle = Manual;
					};
				};
			};
			buildConfigurationList = BF1EA8551E77A27E009AD934 /* Build configuration list for PBXProject "RealTimeMedia" */;
			compatibilityVersion = "Xcode 3.2";
			developmentRegion = English;
			hasScannedForEncodings = 0;
			knownRegions = (
				en,
				Base,
			);
			mainGroup = BF1EA8511E77A27E009AD934;
			productRefGroup = BF1EA85B1E77A27E009AD934 /* Products */;
			projectDirPath = "";
			projectRoot = "";
			targets = (
				BF1EA8591E77A27E009AD934 /* RealTimeMedia */,
			);
		};
/* End PBXProject section */

/* Begin PBXResourcesBuildPhase section */
		BF1EA8581E77A27E009AD934 /* Resources */ = {
			isa = PBXResourcesBuildPhase;
			buildActionMask = 2147483647;
			files = (
				BF1EA8681E77A27E009AD934 /* LaunchScreen.storyboard in Resources */,
				BF1EA8651E77A27E009AD934 /* Assets.xcassets in Resources */,
				BF1EA8631E77A27E009AD934 /* Main.storyboard in Resources */,
			);
			runOnlyForDeploymentPostprocessing = 0;
		};
/* End PBXResourcesBuildPhase section */

/* Begin PBXSourcesBuildPhase section */
		BF1EA8561E77A27E009AD934 /* Sources */ = {
			isa = PBXSourcesBuildPhase;
			buildActionMask = 2147483647;
			files = (
				BF1C80841E77A45F00C9FFF5 /* ScratchView.swift in Sources */,
				BF1C80961E77B22A00C9FFF5 /* FirstVC.swift in Sources */,
				BF1C80971E77B22A00C9FFF5 /* ImageCell.swift in Sources */,
				BF1EA85E1E77A27E009AD934 /* AppDelegate.swift in Sources */,
				BF1C80831E77A45F00C9FFF5 /* ScratchUIView.swift in Sources */,
				BFFEE1191E8A213400B5FDEE /* SlotTumblerFirstVC.swift in Sources */,
				BF7B29A41E8CD15500383C62 /* TicTacToeFirstVC.swift in Sources */,
				BF1C80891E77A4C100C9FFF5 /* DashBoardVC.swift in Sources */,
				BF1C809E1E77B2F900C9FFF5 /* CustomView.swift in Sources */,
				BF1C80981E77B22A00C9FFF5 /* SecondVC.swift in Sources */,
				BF1C80991E77B22A00C9FFF5 /* SelectedImageVC.swift in Sources */,
				BFFEE11B1E8A24FF00B5FDEE /* CommonExtension.swift in Sources */,
				BFD24C121E8BA9550007CA53 /* ClickRevealCell.swift in Sources */,
				BF1C809D1E77B2F900C9FFF5 /* CustomButton.swift in Sources */,
				BF7B29A11E8CC3B200383C62 /* MemoryMatchFirstVC.swift in Sources */,
				BF1C80951E77B22A00C9FFF5 /* ChooseImageVC.swift in Sources */,
				BF1C808D1E77AF9700C9FFF5 /* ScrechVC.swift in Sources */,
				BFD24C101E8B91210007CA53 /* ClickRevealFirstVC.swift in Sources */,
				BF1C808E1E77AF9700C9FFF5 /* ThanksVC.swift in Sources */,
				BF6D8DFC1E8A42AF002BB2F7 /* CommonFuction.swift in Sources */,
			);
			runOnlyForDeploymentPostprocessing = 0;
		};
/* End PBXSourcesBuildPhase section */

/* Begin PBXVariantGroup section */
		BF1EA8611E77A27E009AD934 /* Main.storyboard */ = {
			isa = PBXVariantGroup;
			children = (
				BF1EA8621E77A27E009AD934 /* Base */,
			);
			name = Main.storyboard;
			sourceTree = "<group>";
		};
		BF1EA8661E77A27E009AD934 /* LaunchScreen.storyboard */ = {
			isa = PBXVariantGroup;
			children = (
				BF1EA8671E77A27E009AD934 /* Base */,
			);
			name = LaunchScreen.storyboard;
			sourceTree = "<group>";
		};
/* End PBXVariantGroup section */

/* Begin XCBuildConfiguration section */
		BF1EA86A1E77A27E009AD934 /* Debug */ = {
			isa = XCBuildConfiguration;
			buildSettings = {
				ALWAYS_SEARCH_USER_PATHS = NO;
				CLANG_ANALYZER_NONNULL = YES;
				CLANG_CXX_LANGUAGE_STANDARD = "gnu++0x";
				CLANG_CXX_LIBRARY = "libc++";
				CLANG_ENABLE_MODULES = YES;
				CLANG_ENABLE_OBJC_ARC = YES;
				CLANG_WARN_BOOL_CONVERSION = YES;
				CLANG_WARN_CONSTANT_CONVERSION = YES;
				CLANG_WARN_DIRECT_OBJC_ISA_USAGE = YES_ERROR;
				CLANG_WARN_DOCUMENTATION_COMMENTS = YES;
				CLANG_WARN_EMPTY_BODY = YES;
				CLANG_WARN_ENUM_CONVERSION = YES;
				CLANG_WARN_INFINITE_RECURSION = YES;
				CLANG_WARN_INT_CONVERSION = YES;
				CLANG_WARN_OBJC_ROOT_CLASS = YES_ERROR;
				CLANG_WARN_SUSPICIOUS_MOVE = YES;
				CLANG_WARN_UNREACHABLE_CODE = YES;
				CLANG_WARN__DUPLICATE_METHOD_MATCH = YES;
				"CODE_SIGN_IDENTITY[sdk=iphoneos*]" = "iPhone Developer";
				COPY_PHASE_STRIP = NO;
				DEBUG_INFORMATION_FORMAT = dwarf;
				ENABLE_STRICT_OBJC_MSGSEND = YES;
				ENABLE_TESTABILITY = YES;
				GCC_C_LANGUAGE_STANDARD = gnu99;
				GCC_DYNAMIC_NO_PIC = NO;
				GCC_NO_COMMON_BLOCKS = YES;
				GCC_OPTIMIZATION_LEVEL = 0;
				GCC_PREPROCESSOR_DEFINITIONS = (
					"DEBUG=1",
					"$(inherited)",
				);
				GCC_WARN_64_TO_32_BIT_CONVERSION = YES;
				GCC_WARN_ABOUT_RETURN_TYPE = YES_ERROR;
				GCC_WARN_UNDECLARED_SELECTOR = YES;
				GCC_WARN_UNINITIALIZED_AUTOS = YES_AGGRESSIVE;
				GCC_WARN_UNUSED_FUNCTION = YES;
				GCC_WARN_UNUSED_VARIABLE = YES;
				IPHONEOS_DEPLOYMENT_TARGET = 10.2;
				MTL_ENABLE_DEBUG_INFO = YES;
				ONLY_ACTIVE_ARCH = YES;
				SDKROOT = iphoneos;
				SWIFT_ACTIVE_COMPILATION_CONDITIONS = DEBUG;
				SWIFT_OPTIMIZATION_LEVEL = "-Onone";
				TARGETED_DEVICE_FAMILY = "1,2";
			};
			name = Debug;
		};
		BF1EA86B1E77A27E009AD934 /* Release */ = {
			isa = XCBuildConfiguration;
			buildSettings = {
				ALWAYS_SEARCH_USER_PATHS = NO;
				CLANG_ANALYZER_NONNULL = YES;
				CLANG_CXX_LANGUAGE_STANDARD = "gnu++0x";
				CLANG_CXX_LIBRARY = "libc++";
				CLANG_ENABLE_MODULES = YES;
				CLANG_ENABLE_OBJC_ARC = YES;
				CLANG_WARN_BOOL_CONVERSION = YES;
				CLANG_WARN_CONSTANT_CONVERSION = YES;
				CLANG_WARN_DIRECT_OBJC_ISA_USAGE = YES_ERROR;
				CLANG_WARN_DOCUMENTATION_COMMENTS = YES;
				CLANG_WARN_EMPTY_BODY = YES;
				CLANG_WARN_ENUM_CONVERSION = YES;
				CLANG_WARN_INFINITE_RECURSION = YES;
				CLANG_WARN_INT_CONVERSION = YES;
				CLANG_WARN_OBJC_ROOT_CLASS = YES_ERROR;
				CLANG_WARN_SUSPICIOUS_MOVE = YES;
				CLANG_WARN_UNREACHABLE_CODE = YES;
				CLANG_WARN__DUPLICATE_METHOD_MATCH = YES;
				"CODE_SIGN_IDENTITY[sdk=iphoneos*]" = "iPhone Developer";
				COPY_PHASE_STRIP = NO;
				DEBUG_INFORMATION_FORMAT = "dwarf-with-dsym";
				ENABLE_NS_ASSERTIONS = NO;
				ENABLE_STRICT_OBJC_MSGSEND = YES;
				GCC_C_LANGUAGE_STANDARD = gnu99;
				GCC_NO_COMMON_BLOCKS = YES;
				GCC_WARN_64_TO_32_BIT_CONVERSION = YES;
				GCC_WARN_ABOUT_RETURN_TYPE = YES_ERROR;
				GCC_WARN_UNDECLARED_SELECTOR = YES;
				GCC_WARN_UNINITIALIZED_AUTOS = YES_AGGRESSIVE;
				GCC_WARN_UNUSED_FUNCTION = YES;
				GCC_WARN_UNUSED_VARIABLE = YES;
				IPHONEOS_DEPLOYMENT_TARGET = 10.2;
				MTL_ENABLE_DEBUG_INFO = NO;
				SDKROOT = iphoneos;
				SWIFT_OPTIMIZATION_LEVEL = "-Owholemodule";
				TARGETED_DEVICE_FAMILY = "1,2";
				VALIDATE_PRODUCT = YES;
			};
			name = Release;
		};
		BF1EA86D1E77A27E009AD934 /* Debug */ = {
			isa = XCBuildConfiguration;
			buildSettings = {
				ASSETCATALOG_COMPILER_APPICON_NAME = AppIcon;
				CLANG_ENABLE_MODULES = YES;
				DEVELOPMENT_TEAM = PLURSQEEM8;
				FRAMEWORK_SEARCH_PATHS = (
					"$(inherited)",
					"$(PROJECT_DIR)/RealTimeMedia/OtherSDK/ScratchCard",
				);
				INFOPLIST_FILE = RealTimeMedia/Info.plist;
				IPHONEOS_DEPLOYMENT_TARGET = 8.0;
				LD_RUNPATH_SEARCH_PATHS = "$(inherited) @executable_path/Frameworks";
				PRODUCT_BUNDLE_IDENTIFIER = com.mls.test.mls;
				PRODUCT_NAME = "$(TARGET_NAME)";
				PROVISIONING_PROFILE = "5131a9ac-40fa-4338-b030-8d1db29619a2";
				PROVISIONING_PROFILE_SPECIFIER = "TestApp Development";
				SWIFT_OBJC_BRIDGING_HEADER = "RealTimeMedia-Bridging-Header.h";
				SWIFT_OPTIMIZATION_LEVEL = "-Onone";
				SWIFT_VERSION = 3.0;
			};
			name = Debug;
		};
		BF1EA86E1E77A27E009AD934 /* Release */ = {
			isa = XCBuildConfiguration;
			buildSettings = {
				ASSETCATALOG_COMPILER_APPICON_NAME = AppIcon;
				CLANG_ENABLE_MODULES = YES;
				"CODE_SIGN_IDENTITY[sdk=iphoneos*]" = "iPhone Distribution";
				DEVELOPMENT_TEAM = PLURSQEEM8;
				FRAMEWORK_SEARCH_PATHS = (
					"$(inherited)",
					"$(PROJECT_DIR)/RealTimeMedia/OtherSDK/ScratchCard",
				);
				INFOPLIST_FILE = RealTimeMedia/Info.plist;
				IPHONEOS_DEPLOYMENT_TARGET = 8.0;
				LD_RUNPATH_SEARCH_PATHS = "$(inherited) @executable_path/Frameworks";
				PRODUCT_BUNDLE_IDENTIFIER = com.mls.test.mls;
				PRODUCT_NAME = "$(TARGET_NAME)";
				PROVISIONING_PROFILE = "7853e1cd-03f8-46aa-9d79-67d7edcb0364";
				PROVISIONING_PROFILE_SPECIFIER = TestAppProduction;
				SWIFT_OBJC_BRIDGING_HEADER = "RealTimeMedia-Bridging-Header.h";
				SWIFT_VERSION = 3.0;
			};
			name = Release;
		};
/* End XCBuildConfiguration section */

/* Begin XCConfigurationList section */
		BF1EA8551E77A27E009AD934 /* Build configuration list for PBXProject "RealTimeMedia" */ = {
			isa = XCConfigurationList;
			buildConfigurations = (
				BF1EA86A1E77A27E009AD934 /* Debug */,
				BF1EA86B1E77A27E009AD934 /* Release */,
			);
			defaultConfigurationIsVisible = 0;
			defaultConfigurationName = Release;
		};
		BF1EA86C1E77A27E009AD934 /* Build configuration list for PBXNativeTarget "RealTimeMedia" */ = {
			isa = XCConfigurationList;
			buildConfigurations = (
				BF1EA86D1E77A27E009AD934 /* Debug */,
				BF1EA86E1E77A27E009AD934 /* Release */,
			);
			defaultConfigurationIsVisible = 0;
			defaultConfigurationName = Release;
		};
/* End XCConfigurationList section */
	};
	rootObject = BF1EA8521E77A27E009AD934 /* Project object */;
}
